// !$*UTF8*$!
{
	archiveVersion = 1;
	classes = {
	};
	objectVersion = 56;
	objects = {

/* Begin PBXBuildFile section */
		BD5BC8A32C06645800C61913 /* AppDelegate.swift in Sources */ = {isa = PBXBuildFile; fileRef = BD5BC8A22C06645800C61913 /* AppDelegate.swift */; };
		BD5BC8A52C06645800C61913 /* SceneDelegate.swift in Sources */ = {isa = PBXBuildFile; fileRef = BD5BC8A42C06645800C61913 /* SceneDelegate.swift */; };
		BD5BC8A72C06645800C61913 /* ViewController.swift in Sources */ = {isa = PBXBuildFile; fileRef = BD5BC8A62C06645800C61913 /* ViewController.swift */; };
		BD5BC8AA2C06645800C61913 /* Base in Resources */ = {isa = PBXBuildFile; fileRef = BD5BC8A92C06645800C61913 /* Base */; };
		BD5BC8AC2C06645900C61913 /* Assets.xcassets in Resources */ = {isa = PBXBuildFile; fileRef = BD5BC8AB2C06645900C61913 /* Assets.xcassets */; };
		BD5BC8AF2C06645900C61913 /* Base in Resources */ = {isa = PBXBuildFile; fileRef = BD5BC8AE2C06645900C61913 /* Base */; };
		BD5BC8BA2C06645A00C61913 /* UserDefaultTests.swift in Sources */ = {isa = PBXBuildFile; fileRef = BD5BC8B92C06645A00C61913 /* UserDefaultTests.swift */; };
		BD5BC8C42C06645A00C61913 /* UserDefaultUITests.swift in Sources */ = {isa = PBXBuildFile; fileRef = BD5BC8C32C06645A00C61913 /* UserDefaultUITests.swift */; };
		BD5BC8C62C06645A00C61913 /* UserDefaultUITestsLaunchTests.swift in Sources */ = {isa = PBXBuildFile; fileRef = BD5BC8C52C06645A00C61913 /* UserDefaultUITestsLaunchTests.swift */; };
/* End PBXBuildFile section */

/* Begin PBXContainerItemProxy section */
		BD5BC8B62C06645A00C61913 /* PBXContainerItemProxy */ = {
			isa = PBXContainerItemProxy;
			containerPortal = BD5BC8972C06645800C61913 /* Project object */;
			proxyType = 1;
			remoteGlobalIDString = BD5BC89E2C06645800C61913;
			remoteInfo = UserDefault;
		};
		BD5BC8C02C06645A00C61913 /* PBXContainerItemProxy */ = {
			isa = PBXContainerItemProxy;
			containerPortal = BD5BC8972C06645800C61913 /* Project object */;
			proxyType = 1;
			remoteGlobalIDString = BD5BC89E2C06645800C61913;
			remoteInfo = UserDefault;
		};
/* End PBXContainerItemProxy section */

/* Begin PBXFileReference section */
		BD5BC89F2C06645800C61913 /* UserDefault.app */ = {isa = PBXFileReference; explicitFileType = wrapper.application; includeInIndex = 0; path = UserDefault.app; sourceTree = BUILT_PRODUCTS_DIR; };
		BD5BC8A22C06645800C61913 /* AppDelegate.swift */ = {isa = PBXFileReference; lastKnownFileType = sourcecode.swift; path = AppDelegate.swift; sourceTree = "<group>"; };
		BD5BC8A42C06645800C61913 /* SceneDelegate.swift */ = {isa = PBXFileReference; lastKnownFileType = sourcecode.swift; path = SceneDelegate.swift; sourceTree = "<group>"; };
		BD5BC8A62C06645800C61913 /* ViewController.swift */ = {isa = PBXFileReference; lastKnownFileType = sourcecode.swift; path = ViewController.swift; sourceTree = "<group>"; };
		BD5BC8A92C06645800C61913 /* Base */ = {isa = PBXFileReference; lastKnownFileType = file.storyboard; name = Base; path = Base.lproj/Main.storyboard; sourceTree = "<group>"; };
		BD5BC8AB2C06645900C61913 /* Assets.xcassets */ = {isa = PBXFileReference; lastKnownFileType = folder.assetcatalog; path = Assets.xcassets; sourceTree = "<group>"; };
		BD5BC8AE2C06645900C61913 /* Base */ = {isa = PBXFileReference; lastKnownFileType = file.storyboard; name = Base; path = Base.lproj/LaunchScreen.storyboard; sourceTree = "<group>"; };
		BD5BC8B02C06645900C61913 /* Info.plist */ = {isa = PBXFileReference; lastKnownFileType = text.plist.xml; path = Info.plist; sourceTree = "<group>"; };
		BD5BC8B52C06645A00C61913 /* UserDefaultTests.xctest */ = {isa = PBXFileReference; explicitFileType = wrapper.cfbundle; includeInIndex = 0; path = UserDefaultTests.xctest; sourceTree = BUILT_PRODUCTS_DIR; };
		BD5BC8B92C06645A00C61913 /* UserDefaultTests.swift */ = {isa = PBXFileReference; lastKnownFileType = sourcecode.swift; path = UserDefaultTests.swift; sourceTree = "<group>"; };
		BD5BC8BF2C06645A00C61913 /* UserDefaultUITests.xctest */ = {isa = PBXFileReference; explicitFileType = wrapper.cfbundle; includeInIndex = 0; path = UserDefaultUITests.xctest; sourceTree = BUILT_PRODUCTS_DIR; };
		BD5BC8C32C06645A00C61913 /* UserDefaultUITests.swift */ = {isa = PBXFileReference; lastKnownFileType = sourcecode.swift; path = UserDefaultUITests.swift; sourceTree = "<group>"; };
		BD5BC8C52C06645A00C61913 /* UserDefaultUITestsLaunchTests.swift */ = {isa = PBXFileReference; lastKnownFileType = sourcecode.swift; path = UserDefaultUITestsLaunchTests.swift; sourceTree = "<group>"; };
/* End PBXFileReference section */

/* Begin PBXFrameworksBuildPhase section */
		BD5BC89C2C06645800C61913 /* Frameworks */ = {
			isa = PBXFrameworksBuildPhase;
			buildActionMask = 2147483647;
			files = (
			);
			runOnlyForDeploymentPostprocessing = 0;
		};
		BD5BC8B22C06645A00C61913 /* Frameworks */ = {
			isa = PBXFrameworksBuildPhase;
			buildActionMask = 2147483647;
			files = (
			);
			runOnlyForDeploymentPostprocessing = 0;
		};
		BD5BC8BC2C06645A00C61913 /* Frameworks */ = {
			isa = PBXFrameworksBuildPhase;
			buildActionMask = 2147483647;
			files = (
			);
			runOnlyForDeploymentPostprocessing = 0;
		};
/* End PBXFrameworksBuildPhase section */

/* Begin PBXGroup section */
		BD5BC8962C06645800C61913 = {
			isa = PBXGroup;
			children = (
				BD5BC8A12C06645800C61913 /* UserDefault */,
				BD5BC8B82C06645A00C61913 /* UserDefaultTests */,
				BD5BC8C22C06645A00C61913 /* UserDefaultUITests */,
				BD5BC8A02C06645800C61913 /* Products */,
			);
			sourceTree = "<group>";
		};
		BD5BC8A02C06645800C61913 /* Products */ = {
			isa = PBXGroup;
			children = (
				BD5BC89F2C06645800C61913 /* UserDefault.app */,
				BD5BC8B52C06645A00C61913 /* UserDefaultTests.xctest */,
				BD5BC8BF2C06645A00C61913 /* UserDefaultUITests.xctest */,
			);
			name = Products;
			sourceTree = "<group>";
		};
		BD5BC8A12C06645800C61913 /* UserDefault */ = {
			isa = PBXGroup;
			children = (
				BD5BC8A22C06645800C61913 /* AppDelegate.swift */,
				BD5BC8A42C06645800C61913 /* SceneDelegate.swift */,
				BD5BC8A62C06645800C61913 /* ViewController.swift */,
				BD5BC8A82C06645800C61913 /* Main.storyboard */,
				BD5BC8AB2C06645900C61913 /* Assets.xcassets */,
				BD5BC8AD2C06645900C61913 /* LaunchScreen.storyboard */,
				BD5BC8B02C06645900C61913 /* Info.plist */,
			);
			path = UserDefault;
			sourceTree = "<group>";
		};
		BD5BC8B82C06645A00C61913 /* UserDefaultTests */ = {
			isa = PBXGroup;
			children = (
				BD5BC8B92C06645A00C61913 /* UserDefaultTests.swift */,
			);
			path = UserDefaultTests;
			sourceTree = "<group>";
		};
		BD5BC8C22C06645A00C61913 /* UserDefaultUITests */ = {
			isa = PBXGroup;
			children = (
				BD5BC8C32C06645A00C61913 /* UserDefaultUITests.swift */,
				BD5BC8C52C06645A00C61913 /* UserDefaultUITestsLaunchTests.swift */,
			);
			path = UserDefaultUITests;
			sourceTree = "<group>";
		};
/* End PBXGroup section */

/* Begin PBXNativeTarget section */
		BD5BC89E2C06645800C61913 /* UserDefault */ = {
			isa = PBXNativeTarget;
			buildConfigurationList = BD5BC8C92C06645A00C61913 /* Build configuration list for PBXNativeTarget "UserDefault" */;
			buildPhases = (
				BD5BC89B2C06645800C61913 /* Sources */,
				BD5BC89C2C06645800C61913 /* Frameworks */,
				BD5BC89D2C06645800C61913 /* Resources */,
			);
			buildRules = (
			);
			dependencies = (
			);
			name = UserDefault;
			productName = UserDefault;
			productReference = BD5BC89F2C06645800C61913 /* UserDefault.app */;
			productType = "com.apple.product-type.application";
		};
		BD5BC8B42C06645A00C61913 /* UserDefaultTests */ = {
			isa = PBXNativeTarget;
			buildConfigurationList = BD5BC8CC2C06645A00C61913 /* Build configuration list for PBXNativeTarget "UserDefaultTests" */;
			buildPhases = (
				BD5BC8B12C06645A00C61913 /* Sources */,
				BD5BC8B22C06645A00C61913 /* Frameworks */,
				BD5BC8B32C06645A00C61913 /* Resources */,
			);
			buildRules = (
			);
			dependencies = (
				BD5BC8B72C06645A00C61913 /* PBXTargetDependency */,
			);
			name = UserDefaultTests;
			productName = UserDefaultTests;
			productReference = BD5BC8B52C06645A00C61913 /* UserDefaultTests.xctest */;
			productType = "com.apple.product-type.bundle.unit-test";
		};
		BD5BC8BE2C06645A00C61913 /* UserDefaultUITests */ = {
			isa = PBXNativeTarget;
			buildConfigurationList = BD5BC8CF2C06645A00C61913 /* Build configuration list for PBXNativeTarget "UserDefaultUITests" */;
			buildPhases = (
				BD5BC8BB2C06645A00C61913 /* Sources */,
				BD5BC8BC2C06645A00C61913 /* Frameworks */,
				BD5BC8BD2C06645A00C61913 /* Resources */,
			);
			buildRules = (
			);
			dependencies = (
				BD5BC8C12C06645A00C61913 /* PBXTargetDependency */,
			);
			name = UserDefaultUITests;
			productName = UserDefaultUITests;
			productReference = BD5BC8BF2C06645A00C61913 /* UserDefaultUITests.xctest */;
			productType = "com.apple.product-type.bundle.ui-testing";
		};
/* End PBXNativeTarget section */

/* Begin PBXProject section */
		BD5BC8972C06645800C61913 /* Project object */ = {
			isa = PBXProject;
			attributes = {
				BuildIndependentTargetsInParallel = 1;
				LastSwiftUpdateCheck = 1530;
				LastUpgradeCheck = 1530;
				TargetAttributes = {
					BD5BC89E2C06645800C61913 = {
						CreatedOnToolsVersion = 15.3;
					};
					BD5BC8B42C06645A00C61913 = {
						CreatedOnToolsVersion = 15.3;
						TestTargetID = BD5BC89E2C06645800C61913;
					};
					BD5BC8BE2C06645A00C61913 = {
						CreatedOnToolsVersion = 15.3;
						TestTargetID = BD5BC89E2C06645800C61913;
					};
				};
			};
			buildConfigurationList = BD5BC89A2C06645800C61913 /* Build configuration list for PBXProject "UserDefault" */;
			compatibilityVersion = "Xcode 14.0";
			developmentRegion = en;
			hasScannedForEncodings = 0;
			knownRegions = (
				en,
				Base,
			);
			mainGroup = BD5BC8962C06645800C61913;
			productRefGroup = BD5BC8A02C06645800C61913 /* Products */;
			projectDirPath = "";
			projectRoot = "";
			targets = (
				BD5BC89E2C06645800C61913 /* UserDefault */,
				BD5BC8B42C06645A00C61913 /* UserDefaultTests */,
				BD5BC8BE2C06645A00C61913 /* UserDefaultUITests */,
			);
		};
/* End PBXProject section */

/* Begin PBXResourcesBuildPhase section */
		BD5BC89D2C06645800C61913 /* Resources */ = {
			isa = PBXResourcesBuildPhase;
			buildActionMask = 2147483647;
			files = (
				BD5BC8AC2C06645900C61913 /* Assets.xcassets in Resources */,
				BD5BC8AF2C06645900C61913 /* Base in Resources */,
				BD5BC8AA2C06645800C61913 /* Base in Resources */,
			);
			runOnlyForDeploymentPostprocessing = 0;
		};
		BD5BC8B32C06645A00C61913 /* Resources */ = {
			isa = PBXResourcesBuildPhase;
			buildActionMask = 2147483647;
			files = (
			);
			runOnlyForDeploymentPostprocessing = 0;
		};
		BD5BC8BD2C06645A00C61913 /* Resources */ = {
			isa = PBXResourcesBuildPhase;
			buildActionMask = 2147483647;
			files = (
			);
			runOnlyForDeploymentPostprocessing = 0;
		};
/* End PBXResourcesBuildPhase section */

/* Begin PBXSourcesBuildPhase section */
		BD5BC89B2C06645800C61913 /* Sources */ = {
			isa = PBXSourcesBuildPhase;
			buildActionMask = 2147483647;
			files = (
				BD5BC8A72C06645800C61913 /* ViewController.swift in Sources */,
				BD5BC8A32C06645800C61913 /* AppDelegate.swift in Sources */,
				BD5BC8A52C06645800C61913 /* SceneDelegate.swift in Sources */,
			);
			runOnlyForDeploymentPostprocessing = 0;
		};
		BD5BC8B12C06645A00C61913 /* Sources */ = {
			isa = PBXSourcesBuildPhase;
			buildActionMask = 2147483647;
			files = (
				BD5BC8BA2C06645A00C61913 /* UserDefaultTests.swift in Sources */,
			);
			runOnlyForDeploymentPostprocessing = 0;
		};
		BD5BC8BB2C06645A00C61913 /* Sources */ = {
			isa = PBXSourcesBuildPhase;
			buildActionMask = 2147483647;
			files = (
				BD5BC8C42C06645A00C61913 /* UserDefaultUITests.swift in Sources */,
				BD5BC8C62C06645A00C61913 /* UserDefaultUITestsLaunchTests.swift in Sources */,
			);
			runOnlyForDeploymentPostprocessing = 0;
		};
/* End PBXSourcesBuildPhase section */

/* Begin PBXTargetDependency section */
		BD5BC8B72C06645A00C61913 /* PBXTargetDependency */ = {
			isa = PBXTargetDependency;
			target = BD5BC89E2C06645800C61913 /* UserDefault */;
			targetProxy = BD5BC8B62C06645A00C61913 /* PBXContainerItemProxy */;
		};
		BD5BC8C12C06645A00C61913 /* PBXTargetDependency */ = {
			isa = PBXTargetDependency;
			target = BD5BC89E2C06645800C61913 /* UserDefault */;
			targetProxy = BD5BC8C02C06645A00C61913 /* PBXContainerItemProxy */;
		};
/* End PBXTargetDependency section */

/* Begin PBXVariantGroup section */
		BD5BC8A82C06645800C61913 /* Main.storyboard */ = {
			isa = PBXVariantGroup;
			children = (
				BD5BC8A92C06645800C61913 /* Base */,
			);
			name = Main.storyboard;
			sourceTree = "<group>";
		};
		BD5BC8AD2C06645900C61913 /* LaunchScreen.storyboard */ = {
			isa = PBXVariantGroup;
			children = (
				BD5BC8AE2C06645900C61913 /* Base */,
			);
			name = LaunchScreen.storyboard;
			sourceTree = "<group>";
		};
/* End PBXVariantGroup section */

/* Begin XCBuildConfiguration section */
		BD5BC8C72C06645A00C61913 /* Debug */ = {
			isa = XCBuildConfiguration;
			buildSettings = {
				ALWAYS_SEARCH_USER_PATHS = NO;
				ASSETCATALOG_COMPILER_GENERATE_SWIFT_ASSET_SYMBOL_EXTENSIONS = YES;
				CLANG_ANALYZER_NONNULL = YES;
				CLANG_ANALYZER_NUMBER_OBJECT_CONVERSION = YES_AGGRESSIVE;
				CLANG_CXX_LANGUAGE_STANDARD = "gnu++20";
				CLANG_ENABLE_MODULES = YES;
				CLANG_ENABLE_OBJC_ARC = YES;
				CLANG_ENABLE_OBJC_WEAK = YES;
				CLANG_WARN_BLOCK_CAPTURE_AUTORELEASING = YES;
				CLANG_WARN_BOOL_CONVERSION = YES;
				CLANG_WARN_COMMA = YES;
				CLANG_WARN_CONSTANT_CONVERSION = YES;
				CLANG_WARN_DEPRECATED_OBJC_IMPLEMENTATIONS = YES;
				CLANG_WARN_DIRECT_OBJC_ISA_USAGE = YES_ERROR;
				CLANG_WARN_DOCUMENTATION_COMMENTS = YES;
				CLANG_WARN_EMPTY_BODY = YES;
				CLANG_WARN_ENUM_CONVERSION = YES;
				CLANG_WARN_INFINITE_RECURSION = YES;
				CLANG_WARN_INT_CONVERSION = YES;
				CLANG_WARN_NON_LITERAL_NULL_CONVERSION = YES;
				CLANG_WARN_OBJC_IMPLICIT_RETAIN_SELF = YES;
				CLANG_WARN_OBJC_LITERAL_CONVERSION = YES;
				CLANG_WARN_OBJC_ROOT_CLASS = YES_ERROR;
				CLANG_WARN_QUOTED_INCLUDE_IN_FRAMEWORK_HEADER = YES;
				CLANG_WARN_RANGE_LOOP_ANALYSIS = YES;
				CLANG_WARN_STRICT_PROTOTYPES = YES;
				CLANG_WARN_SUSPICIOUS_MOVE = YES;
				CLANG_WARN_UNGUARDED_AVAILABILITY = YES_AGGRESSIVE;
				CLANG_WARN_UNREACHABLE_CODE = YES;
				CLANG_WARN__DUPLICATE_METHOD_MATCH = YES;
				COPY_PHASE_STRIP = NO;
				DEBUG_INFORMATION_FORMAT = dwarf;
				ENABLE_STRICT_OBJC_MSGSEND = YES;
				ENABLE_TESTABILITY = YES;
				ENABLE_USER_SCRIPT_SANDBOXING = YES;
				GCC_C_LANGUAGE_STANDARD = gnu17;
				GCC_DYNAMIC_NO_PIC = NO;
				GCC_NO_COMMON_BLOCKS = YES;
				GCC_OPTIMIZATION_LEVEL = 0;
				GCC_PREPROCESSOR_DEFINITIONS = (
					"DEBUG=1",
					"$(inherited)",
				);
				GCC_WARN_64_TO_32_BIT_CONVERSION = YES;
				GCC_WARN_ABOUT_RETURN_TYPE = YES_ERROR;
				GCC_WARN_UNDECLARED_SELECTOR = YES;
				GCC_WARN_UNINITIALIZED_AUTOS = YES_AGGRESSIVE;
				GCC_WARN_UNUSED_FUNCTION = YES;
				GCC_WARN_UNUSED_VARIABLE = YES;
				IPHONEOS_DEPLOYMENT_TARGET = 17.4;
				LOCALIZATION_PREFERS_STRING_CATALOGS = YES;
				MTL_ENABLE_DEBUG_INFO = INCLUDE_SOURCE;
				MTL_FAST_MATH = YES;
				ONLY_ACTIVE_ARCH = YES;
				SDKROOT = iphoneos;
				SWIFT_ACTIVE_COMPILATION_CONDITIONS = "DEBUG $(inherited)";
				SWIFT_OPTIMIZATION_LEVEL = "-Onone";
			};
			name = Debug;
		};
		BD5BC8C82C06645A00C61913 /* Release */ = {
			isa = XCBuildConfiguration;
			buildSettings = {
				ALWAYS_SEARCH_USER_PATHS = NO;
				ASSETCATALOG_COMPILER_GENERATE_SWIFT_ASSET_SYMBOL_EXTENSIONS = YES;
				CLANG_ANALYZER_NONNULL = YES;
				CLANG_ANALYZER_NUMBER_OBJECT_CONVERSION = YES_AGGRESSIVE;
				CLANG_CXX_LANGUAGE_STANDARD = "gnu++20";
				CLANG_ENABLE_MODULES = YES;
				CLANG_ENABLE_OBJC_ARC = YES;
				CLANG_ENABLE_OBJC_WEAK = YES;
				CLANG_WARN_BLOCK_CAPTURE_AUTORELEASING = YES;
				CLANG_WARN_BOOL_CONVERSION = YES;
				CLANG_WARN_COMMA = YES;
				CLANG_WARN_CONSTANT_CONVERSION = YES;
				CLANG_WARN_DEPRECATED_OBJC_IMPLEMENTATIONS = YES;
				CLANG_WARN_DIRECT_OBJC_ISA_USAGE = YES_ERROR;
				CLANG_WARN_DOCUMENTATION_COMMENTS = YES;
				CLANG_WARN_EMPTY_BODY = YES;
				CLANG_WARN_ENUM_CONVERSION = YES;
				CLANG_WARN_INFINITE_RECURSION = YES;
				CLANG_WARN_INT_CONVERSION = YES;
				CLANG_WARN_NON_LITERAL_NULL_CONVERSION = YES;
				CLANG_WARN_OBJC_IMPLICIT_RETAIN_SELF = YES;
				CLANG_WARN_OBJC_LITERAL_CONVERSION = YES;
				CLANG_WARN_OBJC_ROOT_CLASS = YES_ERROR;
				CLANG_WARN_QUOTED_INCLUDE_IN_FRAMEWORK_HEADER = YES;
				CLANG_WARN_RANGE_LOOP_ANALYSIS = YES;
				CLANG_WARN_STRICT_PROTOTYPES = YES;
				CLANG_WARN_SUSPICIOUS_MOVE = YES;
				CLANG_WARN_UNGUARDED_AVAILABILITY = YES_AGGRESSIVE;
				CLANG_WARN_UNREACHABLE_CODE = YES;
				CLANG_WARN__DUPLICATE_METHOD_MATCH = YES;
				COPY_PHASE_STRIP = NO;
				DEBUG_INFORMATION_FORMAT = "dwarf-with-dsym";
				ENABLE_NS_ASSERTIONS = NO;
				ENABLE_STRICT_OBJC_MSGSEND = YES;
				ENABLE_USER_SCRIPT_SANDBOXING = YES;
				GCC_C_LANGUAGE_STANDARD = gnu17;
				GCC_NO_COMMON_BLOCKS = YES;
				GCC_WARN_64_TO_32_BIT_CONVERSION = YES;
				GCC_WARN_ABOUT_RETURN_TYPE = YES_ERROR;
				GCC_WARN_UNDECLARED_SELECTOR = YES;
				GCC_WARN_UNINITIALIZED_AUTOS = YES_AGGRESSIVE;
				GCC_WARN_UNUSED_FUNCTION = YES;
				GCC_WARN_UNUSED_VARIABLE = YES;
				IPHONEOS_DEPLOYMENT_TARGET = 17.4;
				LOCALIZATION_PREFERS_STRING_CATALOGS = YES;
				MTL_ENABLE_DEBUG_INFO = NO;
				MTL_FAST_MATH = YES;
				SDKROOT = iphoneos;
				SWIFT_COMPILATION_MODE = wholemodule;
				VALIDATE_PRODUCT = YES;
			};
			name = Release;
		};
		BD5BC8CA2C06645A00C61913 /* Debug */ = {
			isa = XCBuildConfiguration;
			buildSettings = {
				ASSETCATALOG_COMPILER_APPICON_NAME = AppIcon;
				ASSETCATALOG_COMPILER_GLOBAL_ACCENT_COLOR_NAME = AccentColor;
				CODE_SIGN_STYLE = Automatic;
				CURRENT_PROJECT_VERSION = 1;
				GENERATE_INFOPLIST_FILE = YES;
				INFOPLIST_FILE = UserDefault/Info.plist;
				INFOPLIST_KEY_UIApplicationSupportsIndirectInputEvents = YES;
				INFOPLIST_KEY_UILaunchStoryboardName = LaunchScreen;
				INFOPLIST_KEY_UIMainStoryboardFile = Main;
				INFOPLIST_KEY_UISupportedInterfaceOrientations_iPad = "UIInterfaceOrientationPortrait UIInterfaceOrientationPortraitUpsideDown UIInterfaceOrientationLandscapeLeft UIInterfaceOrientationLandscapeRight";
				INFOPLIST_KEY_UISupportedInterfaceOrientations_iPhone = "UIInterfaceOrientationPortrait UIInterfaceOrientationLandscapeLeft UIInterfaceOrientationLandscapeRight";
				LD_RUNPATH_SEARCH_PATHS = (
					"$(inherited)",
					"@executable_path/Frameworks",
				);
				MARKETING_VERSION = 1.0;
				PRODUCT_BUNDLE_IDENTIFIER = com.plexustechnology.UserDefault;
				PRODUCT_NAME = "$(TARGET_NAME)";
				SWIFT_EMIT_LOC_STRINGS = YES;
				SWIFT_VERSION = 5.0;
				TARGETED_DEVICE_FAMILY = "1,2";
			};
			name = Debug;
		};
		BD5BC8CB2C06645A00C61913 /* Release */ = {
			isa = XCBuildConfiguration;
			buildSettings = {
				ASSETCATALOG_COMPILER_APPICON_NAME = AppIcon;
				ASSETCATALOG_COMPILER_GLOBAL_ACCENT_COLOR_NAME = AccentColor;
				CODE_SIGN_STYLE = Automatic;
				CURRENT_PROJECT_VERSION = 1;
				GENERATE_INFOPLIST_FILE = YES;
				INFOPLIST_FILE = UserDefault/Info.plist;
				INFOPLIST_KEY_UIApplicationSupportsIndirectInputEvents = YES;
				INFOPLIST_KEY_UILaunchStoryboardName = LaunchScreen;
				INFOPLIST_KEY_UIMainStoryboardFile = Main;
				INFOPLIST_KEY_UISupportedInterfaceOrientations_iPad = "UIInterfaceOrientationPortrait UIInterfaceOrientationPortraitUpsideDown UIInterfaceOrientationLandscapeLeft UIInterfaceOrientationLandscapeRight";
				INFOPLIST_KEY_UISupportedInterfaceOrientations_iPhone = "UIInterfaceOrientationPortrait UIInterfaceOrientationLandscapeLeft UIInterfaceOrientationLandscapeRight";
				LD_RUNPATH_SEARCH_PATHS = (
					"$(inherited)",
					"@executable_path/Frameworks",
				);
				MARKETING_VERSION = 1.0;
				PRODUCT_BUNDLE_IDENTIFIER = com.plexustechnology.UserDefault;
				PRODUCT_NAME = "$(TARGET_NAME)";
				SWIFT_EMIT_LOC_STRINGS = YES;
				SWIFT_VERSION = 5.0;
				TARGETED_DEVICE_FAMILY = "1,2";
			};
			name = Release;
		};
		BD5BC8CD2C06645A00C61913 /* Debug */ = {
			isa = XCBuildConfiguration;
			buildSettings = {
				ALWAYS_EMBED_SWIFT_STANDARD_LIBRARIES = YES;
				BUNDLE_LOADER = "$(TEST_HOST)";
				CODE_SIGN_STYLE = Automatic;
				CURRENT_PROJECT_VERSION = 1;
				GENERATE_INFOPLIST_FILE = YES;
				IPHONEOS_DEPLOYMENT_TARGET = 17.4;
				MARKETING_VERSION = 1.0;
				PRODUCT_BUNDLE_IDENTIFIER = com.plexustechnology.UserDefaultTests;
				PRODUCT_NAME = "$(TARGET_NAME)";
				SWIFT_EMIT_LOC_STRINGS = NO;
				SWIFT_VERSION = 5.0;
				TARGETED_DEVICE_FAMILY = "1,2";
				TEST_HOST = "$(BUILT_PRODUCTS_DIR)/UserDefault.app/$(BUNDLE_EXECUTABLE_FOLDER_PATH)/UserDefault";
			};
			name = Debug;
		};
		BD5BC8CE2C06645A00C61913 /* Release */ = {
			isa = XCBuildConfiguration;
			buildSettings = {
				ALWAYS_EMBED_SWIFT_STANDARD_LIBRARIES = YES;
				BUNDLE_LOADER = "$(TEST_HOST)";
				CODE_SIGN_STYLE = Automatic;
				CURRENT_PROJECT_VERSION = 1;
				GENERATE_INFOPLIST_FILE = YES;
				IPHONEOS_DEPLOYMENT_TARGET = 17.4;
				MARKETING_VERSION = 1.0;
				PRODUCT_BUNDLE_IDENTIFIER = com.plexustechnology.UserDefaultTests;
				PRODUCT_NAME = "$(TARGET_NAME)";
				SWIFT_EMIT_LOC_STRINGS = NO;
				SWIFT_VERSION = 5.0;
				TARGETED_DEVICE_FAMILY = "1,2";
				TEST_HOST = "$(BUILT_PRODUCTS_DIR)/UserDefault.app/$(BUNDLE_EXECUTABLE_FOLDER_PATH)/UserDefault";
			};
			name = Release;
		};
		BD5BC8D02C06645A00C61913 /* Debug */ = {
			isa = XCBuildConfiguration;
			buildSettings = {
				ALWAYS_EMBED_SWIFT_STANDARD_LIBRARIES = YES;
				CODE_SIGN_STYLE = Automatic;
				CURRENT_PROJECT_VERSION = 1;
				GENERATE_INFOPLIST_FILE = YES;
				MARKETING_VERSION = 1.0;
				PRODUCT_BUNDLE_IDENTIFIER = com.plexustechnology.UserDefaultUITests;
				PRODUCT_NAME = "$(TARGET_NAME)";
				SWIFT_EMIT_LOC_STRINGS = NO;
				SWIFT_VERSION = 5.0;
				TARGETED_DEVICE_FAMILY = "1,2";
				TEST_TARGET_NAME = UserDefault;
			};
			name = Debug;
		};
		BD5BC8D12C06645A00C61913 /* Release */ = {
			isa = XCBuildConfiguration;
			buildSettings = {
				ALWAYS_EMBED_SWIFT_STANDARD_LIBRARIES = YES;
				CODE_SIGN_STYLE = Automatic;
				CURRENT_PROJECT_VERSION = 1;
				GENERATE_INFOPLIST_FILE = YES;
				MARKETING_VERSION = 1.0;
				PRODUCT_BUNDLE_IDENTIFIER = com.plexustechnology.UserDefaultUITests;
				PRODUCT_NAME = "$(TARGET_NAME)";
				SWIFT_EMIT_LOC_STRINGS = NO;
				SWIFT_VERSION = 5.0;
				TARGETED_DEVICE_FAMILY = "1,2";
				TEST_TARGET_NAME = UserDefault;
			};
			name = Release;
		};
/* End XCBuildConfiguration section */

/* Begin XCConfigurationList section */
		BD5BC89A2C06645800C61913 /* Build configuration list for PBXProject "UserDefault" */ = {
			isa = XCConfigurationList;
			buildConfigurations = (
				BD5BC8C72C06645A00C61913 /* Debug */,
				BD5BC8C82C06645A00C61913 /* Release */,
			);
			defaultConfigurationIsVisible = 0;
			defaultConfigurationName = Release;
		};
		BD5BC8C92C06645A00C61913 /* Build configuration list for PBXNativeTarget "UserDefault" */ = {
			isa = XCConfigurationList;
			buildConfigurations = (
				BD5BC8CA2C06645A00C61913 /* Debug */,
				BD5BC8CB2C06645A00C61913 /* Release */,
			);
			defaultConfigurationIsVisible = 0;
			defaultConfigurationName = Release;
		};
		BD5BC8CC2C06645A00C61913 /* Build configuration list for PBXNativeTarget "UserDefaultTests" */ = {
			isa = XCConfigurationList;
			buildConfigurations = (
				BD5BC8CD2C06645A00C61913 /* Debug */,
				BD5BC8CE2C06645A00C61913 /* Release */,
			);
			defaultConfigurationIsVisible = 0;
			defaultConfigurationName = Release;
		};
		BD5BC8CF2C06645A00C61913 /* Build configuration list for PBXNativeTarget "UserDefaultUITests" */ = {
			isa = XCConfigurationList;
			buildConfigurations = (
				BD5BC8D02C06645A00C61913 /* Debug */,
				BD5BC8D12C06645A00C61913 /* Release */,
			);
			defaultConfigurationIsVisible = 0;
			defaultConfigurationName = Release;
		};
/* End XCConfigurationList section */
	};
	rootObject = BD5BC8972C06645800C61913 /* Project object */;
}
